
Microsoft Visual Studio Solution File, Format Version 12.00
# Visual Studio 2013
VisualStudioVersion = 12.0.21005.1
MinimumVisualStudioVersion = 10.0.40219.1
Project("{FAE04EC0-301F-11D3-BF4B-00C04F79EFBC}") = "Model", "Model\Model.csproj", "{6C58E66F-4289-47FC-91FB-5CF59E499026}"
EndProject
Project("{FAE04EC0-301F-11D3-BF4B-00C04F79EFBC}") = "DataAccess", "DataAccess\DataAccess.csproj", "{345E5B88-E35B-47C3-B2D3-3ED6FB8FE646}"
EndProject
Project("{FAE04EC0-301F-11D3-BF4B-00C04F79EFBC}") = "Web.UI", "Web.UI\Web.UI.csproj", "{BF5748BD-B114-4BD8-97CF-B1795B7460D9}"
EndProject
Project("{FAE04EC0-301F-11D3-BF4B-00C04F79EFBC}") = "UI", "UI\UI.csproj", "{B2944E10-7B9E-4455-8034-9C6AD9284EAB}"
EndProject
Global
	GlobalSection(SolutionConfigurationPlatforms) = preSolution
		Debug|Any CPU = Debug|Any CPU
		Release|Any CPU = Release|Any CPU
	EndGlobalSection
	GlobalSection(ProjectConfigurationPlatforms) = postSolution
		{6C58E66F-4289-47FC-91FB-5CF59E499026}.Debug|Any CPU.ActiveCfg = Debug|Any CPU
		{6C58E66F-4289-47FC-91FB-5CF59E499026}.Debug|Any CPU.Build.0 = Debug|Any CPU
		{6C58E66F-4289-47FC-91FB-5CF59E499026}.Release|Any CPU.ActiveCfg = Release|Any CPU
		{6C58E66F-4289-47FC-91FB-5CF59E499026}.Release|Any CPU.Build.0 = Release|Any CPU
		{345E5B88-E35B-47C3-B2D3-3ED6FB8FE646}.Debug|Any CPU.ActiveCfg = Debug|Any CPU
		{345E5B88-E35B-47C3-B2D3-3ED6FB8FE646}.Debug|Any CPU.Build.0 = Debug|Any CPU
		{345E5B88-E35B-47C3-B2D3-3ED6FB8FE646}.Release|Any CPU.ActiveCfg = Release|Any CPU
		{345E5B88-E35B-47C3-B2D3-3ED6FB8FE646}.Release|Any CPU.Build.0 = Release|Any CPU
		{BF5748BD-B114-4BD8-97CF-B1795B7460D9}.Debug|Any CPU.ActiveCfg = Debug|Any CPU
		{BF5748BD-B114-4BD8-97CF-B1795B7460D9}.Debug|Any CPU.Build.0 = Debug|Any CPU
		{BF5748BD-B114-4BD8-97CF-B1795B7460D9}.Release|Any CPU.ActiveCfg = Release|Any CPU
		{BF5748BD-B114-4BD8-97CF-B1795B7460D9}.Release|Any CPU.Build.0 = Release|Any CPU
		{B2944E10-7B9E-4455-8034-9C6AD9284EAB}.Debug|Any CPU.ActiveCfg = Debug|Any CPU
		{B2944E10-7B9E-4455-8034-9C6AD9284EAB}.Debug|Any CPU.Build.0 = Debug|Any CPU
		{B2944E10-7B9E-4455-8034-9C6AD9284EAB}.Release|Any CPU.ActiveCfg = Release|Any CPU
		{B2944E10-7B9E-4455-8034-9C6AD9284EAB}.Release|Any CPU.Build.0 = Release|Any CPU
	EndGlobalSection
	GlobalSection(SolutionProperties) = preSolution
		HideSolutionNode = FALSE
	EndGlobalSection
EndGlobal
